
Microsoft Visual Studio Solution File, Format Version 12.00
# Visual Studio Version 17
VisualStudioVersion = 17.7.34031.279
MinimumVisualStudioVersion = 10.0.40219.1
Project("{9A19103F-16F7-4668-BE54-9A1E7A4F7556}") = "HospitalInformationSystem", "HospitalInformationSystem\HospitalInformationSystem.csproj", "{84D75654-3C99-4BEA-BDEE-4C7CD1765985}"
EndProject
Project("{FAE04EC0-301F-11D3-BF4B-00C04F79EFBC}") = "HospitalInformationSystemFrom", "HospitalInformationSystemFrom\HospitalInformationSystemFrom.csproj", "{E7ED0892-61FF-436E-972B-F72F4B1815C6}"
EndProject
Global
	GlobalSection(SolutionConfigurationPlatforms) = preSolution
		Debug|Any CPU = Debug|Any CPU
		Release|Any CPU = Release|Any CPU
	EndGlobalSection
	GlobalSection(ProjectConfigurationPlatforms) = postSolution
		{84D75654-3C99-4BEA-BDEE-4C7CD1765985}.Debug|Any CPU.ActiveCfg = Debug|Any CPU
		{84D75654-3C99-4BEA-BDEE-4C7CD1765985}.Debug|Any CPU.Build.0 = Debug|Any CPU
		{84D75654-3C99-4BEA-BDEE-4C7CD1765985}.Release|Any CPU.ActiveCfg = Release|Any CPU
		{84D75654-3C99-4BEA-BDEE-4C7CD1765985}.Release|Any CPU.Build.0 = Release|Any CPU
		{E7ED0892-61FF-436E-972B-F72F4B1815C6}.Debug|Any CPU.ActiveCfg = Debug|Any CPU
		{E7ED0892-61FF-436E-972B-F72F4B1815C6}.Debug|Any CPU.Build.0 = Debug|Any CPU
		{E7ED0892-61FF-436E-972B-F72F4B1815C6}.Release|Any CPU.ActiveCfg = Release|Any CPU
		{E7ED0892-61FF-436E-972B-F72F4B1815C6}.Release|Any CPU.Build.0 = Release|Any CPU
	EndGlobalSection
	GlobalSection(SolutionProperties) = preSolution
		HideSolutionNode = FALSE
	EndGlobalSection
	GlobalSection(ExtensibilityGlobals) = postSolution
		SolutionGuid = {7B46C120-5EB6-49DC-B221-5776F21C9681}
	EndGlobalSection
EndGlobal
